
Microsoft Visual Studio Solution File, Format Version 12.00
# Visual Studio Version 17
VisualStudioVersion = 17.9.34701.34
MinimumVisualStudioVersion = 10.0.40219.1
Project("{FAE04EC0-301F-11D3-BF4B-00C04F79EFBC}") = "bai1-buoi5", "bai1-buoi5\bai1-buoi5.csproj", "{91C31277-D3D1-4B13-BA52-AEC4E9391670}"
EndProject
Global
	GlobalSection(SolutionConfigurationPlatforms) = preSolution
		Debug|Any CPU = Debug|Any CPU
		Release|Any CPU = Release|Any CPU
	EndGlobalSection
	GlobalSection(ProjectConfigurationPlatforms) = postSolution
		{91C31277-D3D1-4B13-BA52-AEC4E9391670}.Debug|Any CPU.ActiveCfg = Debug|Any CPU
		{91C31277-D3D1-4B13-BA52-AEC4E9391670}.Debug|Any CPU.Build.0 = Debug|Any CPU
		{91C31277-D3D1-4B13-BA52-AEC4E9391670}.Release|Any CPU.ActiveCfg = Release|Any CPU
		{91C31277-D3D1-4B13-BA52-AEC4E9391670}.Release|Any CPU.Build.0 = Release|Any CPU
	EndGlobalSection
	GlobalSection(SolutionProperties) = preSolution
		HideSolutionNode = FALSE
	EndGlobalSection
	GlobalSection(ExtensibilityGlobals) = postSolution
		SolutionGuid = {E078D0A7-09E8-459A-ACC2-9172BBA8720B}
	EndGlobalSection
EndGlobal
